
Microsoft Visual Studio Solution File, Format Version 12.00
# Visual Studio Version 17
VisualStudioVersion = 17.14.36915.13
MinimumVisualStudioVersion = 10.0.40219.1
Project("{FAE04EC0-301F-11D3-BF4B-00C04F79EFBC}") = "ADO", "ADO\ADO.csproj", "{199F3915-A326-458A-B047-47FCF1B50E6D}"
EndProject
Project("{FAE04EC0-301F-11D3-BF4B-00C04F79EFBC}") = "DBTools", "DBTools\DBTools.csproj", "{7E970B6D-3884-4C1B-A223-D8433EADCA30}"
EndProject
Project("{FAE04EC0-301F-11D3-BF4B-00C04F79EFBC}") = "DLLTest", "DLLTest\DLLTest.csproj", "{E393E328-ADCA-4AC9-8EFC-5CD8638DCC64}"
EndProject
Project("{FAE04EC0-301F-11D3-BF4B-00C04F79EFBC}") = "Academy", "Academy\Academy.csproj", "{BF1D56BD-66BD-440A-A72E-DACD163EBB0C}"
EndProject
Global
	GlobalSection(SolutionConfigurationPlatforms) = preSolution
		Debug|Any CPU = Debug|Any CPU
		Release|Any CPU = Release|Any CPU
	EndGlobalSection
	GlobalSection(ProjectConfigurationPlatforms) = postSolution
		{199F3915-A326-458A-B047-47FCF1B50E6D}.Debug|Any CPU.ActiveCfg = Debug|Any CPU
		{199F3915-A326-458A-B047-47FCF1B50E6D}.Debug|Any CPU.Build.0 = Debug|Any CPU
		{199F3915-A326-458A-B047-47FCF1B50E6D}.Release|Any CPU.ActiveCfg = Release|Any CPU
		{199F3915-A326-458A-B047-47FCF1B50E6D}.Release|Any CPU.Build.0 = Release|Any CPU
		{7E970B6D-3884-4C1B-A223-D8433EADCA30}.Debug|Any CPU.ActiveCfg = Debug|Any CPU
		{7E970B6D-3884-4C1B-A223-D8433EADCA30}.Debug|Any CPU.Build.0 = Debug|Any CPU
		{7E970B6D-3884-4C1B-A223-D8433EADCA30}.Release|Any CPU.ActiveCfg = Release|Any CPU
		{7E970B6D-3884-4C1B-A223-D8433EADCA30}.Release|Any CPU.Build.0 = Release|Any CPU
		{E393E328-ADCA-4AC9-8EFC-5CD8638DCC64}.Debug|Any CPU.ActiveCfg = Debug|Any CPU
		{E393E328-ADCA-4AC9-8EFC-5CD8638DCC64}.Debug|Any CPU.Build.0 = Debug|Any CPU
		{E393E328-ADCA-4AC9-8EFC-5CD8638DCC64}.Release|Any CPU.ActiveCfg = Release|Any CPU
		{E393E328-ADCA-4AC9-8EFC-5CD8638DCC64}.Release|Any CPU.Build.0 = Release|Any CPU
		{BF1D56BD-66BD-440A-A72E-DACD163EBB0C}.Debug|Any CPU.ActiveCfg = Debug|Any CPU
		{BF1D56BD-66BD-440A-A72E-DACD163EBB0C}.Debug|Any CPU.Build.0 = Debug|Any CPU
		{BF1D56BD-66BD-440A-A72E-DACD163EBB0C}.Release|Any CPU.ActiveCfg = Release|Any CPU
		{BF1D56BD-66BD-440A-A72E-DACD163EBB0C}.Release|Any CPU.Build.0 = Release|Any CPU
	EndGlobalSection
	GlobalSection(SolutionProperties) = preSolution
		HideSolutionNode = FALSE
	EndGlobalSection
	GlobalSection(ExtensibilityGlobals) = postSolution
		SolutionGuid = {8AF8D6D1-8B0C-4E6D-BDDE-996B973AB1BC}
	EndGlobalSection
EndGlobal
